
Microsoft Visual Studio Solution File, Format Version 12.00
# Visual Studio 15
VisualStudioVersion = 15.0.28307.572
MinimumVisualStudioVersion = 10.0.40219.1
Project("{FAE04EC0-301F-11D3-BF4B-00C04F79EFBC}") = "araba_test2", "araba_test2\araba_test2.csproj", "{A8FBAE95-188C-49C1-95A7-03E185EE0D4D}"
EndProject
Global
	GlobalSection(SolutionConfigurationPlatforms) = preSolution
		Debug|Any CPU = Debug|Any CPU
		Release|Any CPU = Release|Any CPU
	EndGlobalSection
	GlobalSection(ProjectConfigurationPlatforms) = postSolution
		{A8FBAE95-188C-49C1-95A7-03E185EE0D4D}.Debug|Any CPU.ActiveCfg = Debug|Any CPU
		{A8FBAE95-188C-49C1-95A7-03E185EE0D4D}.Debug|Any CPU.Build.0 = Debug|Any CPU
		{A8FBAE95-188C-49C1-95A7-03E185EE0D4D}.Release|Any CPU.ActiveCfg = Release|Any CPU
		{A8FBAE95-188C-49C1-95A7-03E185EE0D4D}.Release|Any CPU.Build.0 = Release|Any CPU
	EndGlobalSection
	GlobalSection(SolutionProperties) = preSolution
		HideSolutionNode = FALSE
	EndGlobalSection
	GlobalSection(ExtensibilityGlobals) = postSolution
		SolutionGuid = {59799B34-0DB4-4EAE-BD7E-1D96DCA956F0}
	EndGlobalSection
EndGlobal
